
Microsoft Visual Studio Solution File, Format Version 12.00
# Visual Studio Version 16
VisualStudioVersion = 16.0.30413.136
MinimumVisualStudioVersion = 10.0.40219.1
Project("{FAE04EC0-301F-11D3-BF4B-00C04F79EFBC}") = "MiniWordPad", "MiniWordPad.csproj", "{7A4DCD51-6F20-421F-8789-81E72A9BC9D7}"
EndProject
Global
	GlobalSection(SolutionConfigurationPlatforms) = preSolution
		Debug|Any CPU = Debug|Any CPU
		Release|Any CPU = Release|Any CPU
	EndGlobalSection
	GlobalSection(ProjectConfigurationPlatforms) = postSolution
		{7A4DCD51-6F20-421F-8789-81E72A9BC9D7}.Debug|Any CPU.ActiveCfg = Debug|Any CPU
		{7A4DCD51-6F20-421F-8789-81E72A9BC9D7}.Debug|Any CPU.Build.0 = Debug|Any CPU
		{7A4DCD51-6F20-421F-8789-81E72A9BC9D7}.Release|Any CPU.ActiveCfg = Release|Any CPU
		{7A4DCD51-6F20-421F-8789-81E72A9BC9D7}.Release|Any CPU.Build.0 = Release|Any CPU
	EndGlobalSection
	GlobalSection(SolutionProperties) = preSolution
		HideSolutionNode = FALSE
	EndGlobalSection
	GlobalSection(ExtensibilityGlobals) = postSolution
		SolutionGuid = {2321DDEF-8ED8-4B09-A62A-538F5E81341C}
	EndGlobalSection
EndGlobal
